
Microsoft Visual Studio Solution File, Format Version 12.00
# Visual Studio Version 16
VisualStudioVersion = 16.0.30204.135
MinimumVisualStudioVersion = 10.0.40219.1
Project("{9A19103F-16F7-4668-BE54-9A1E7A4F7556}") = "BuiltCodeAPI", "BuiltCodeAPI\BuiltCodeAPI.csproj", "{18B131AC-B9D6-4313-8F66-2C1F6B0CE22A}"
EndProject
Project("{9A19103F-16F7-4668-BE54-9A1E7A4F7556}") = "BuiltCodeWeb", "BuiltCodeWeb\BuiltCodeWeb.csproj", "{788CEF97-EC71-4774-9FCE-079979249EBA}"
EndProject
Project("{FAE04EC0-301F-11D3-BF4B-00C04F79EFBC}") = "BuiltCodeAngularPages", "BuiltCodeAngularPages\BuiltCodeAngularPages.csproj", "{E5CADAF7-4B3A-4296-A257-9572A67C2AFE}"
EndProject
Global
	GlobalSection(SolutionConfigurationPlatforms) = preSolution
		Debug|Any CPU = Debug|Any CPU
		Release|Any CPU = Release|Any CPU
	EndGlobalSection
	GlobalSection(ProjectConfigurationPlatforms) = postSolution
		{18B131AC-B9D6-4313-8F66-2C1F6B0CE22A}.Debug|Any CPU.ActiveCfg = Debug|Any CPU
		{18B131AC-B9D6-4313-8F66-2C1F6B0CE22A}.Debug|Any CPU.Build.0 = Debug|Any CPU
		{18B131AC-B9D6-4313-8F66-2C1F6B0CE22A}.Release|Any CPU.ActiveCfg = Release|Any CPU
		{18B131AC-B9D6-4313-8F66-2C1F6B0CE22A}.Release|Any CPU.Build.0 = Release|Any CPU
		{788CEF97-EC71-4774-9FCE-079979249EBA}.Debug|Any CPU.ActiveCfg = Debug|Any CPU
		{788CEF97-EC71-4774-9FCE-079979249EBA}.Debug|Any CPU.Build.0 = Debug|Any CPU
		{788CEF97-EC71-4774-9FCE-079979249EBA}.Release|Any CPU.ActiveCfg = Release|Any CPU
		{788CEF97-EC71-4774-9FCE-079979249EBA}.Release|Any CPU.Build.0 = Release|Any CPU
		{E5CADAF7-4B3A-4296-A257-9572A67C2AFE}.Debug|Any CPU.ActiveCfg = Debug|Any CPU
		{E5CADAF7-4B3A-4296-A257-9572A67C2AFE}.Debug|Any CPU.Build.0 = Debug|Any CPU
		{E5CADAF7-4B3A-4296-A257-9572A67C2AFE}.Release|Any CPU.ActiveCfg = Release|Any CPU
		{E5CADAF7-4B3A-4296-A257-9572A67C2AFE}.Release|Any CPU.Build.0 = Release|Any CPU
	EndGlobalSection
	GlobalSection(SolutionProperties) = preSolution
		HideSolutionNode = FALSE
	EndGlobalSection
	GlobalSection(ExtensibilityGlobals) = postSolution
		SolutionGuid = {D7AA328C-7FF0-4909-9782-A658966E5C15}
	EndGlobalSection
EndGlobal
