
Microsoft Visual Studio Solution File, Format Version 12.00
# Visual Studio Version 16
VisualStudioVersion = 16.0.30204.135
MinimumVisualStudioVersion = 10.0.40219.1
Project("{9A19103F-16F7-4668-BE54-9A1E7A4F7556}") = "BuiltCodeAPI", "BuiltCodeAPI\BuiltCodeAPI.csproj", "{18B131AC-B9D6-4313-8F66-2C1F6B0CE22A}"
EndProject
Project("{9A19103F-16F7-4668-BE54-9A1E7A4F7556}") = "BuiltCodeAngular", "BuiltCodeAngular\BuiltCodeAngular.csproj", "{AB22AEB6-8528-43B0-A7CA-BC0ABBFC70D7}"
EndProject
Project("{FAE04EC0-301F-11D3-BF4B-00C04F79EFBC}") = "Testes", "Testes\Testes.csproj", "{EDA149E9-EAF8-4B2B-A392-481EB30D71F5}"
EndProject
Global
	GlobalSection(SolutionConfigurationPlatforms) = preSolution
		Debug|Any CPU = Debug|Any CPU
		Release|Any CPU = Release|Any CPU
	EndGlobalSection
	GlobalSection(ProjectConfigurationPlatforms) = postSolution
		{18B131AC-B9D6-4313-8F66-2C1F6B0CE22A}.Debug|Any CPU.ActiveCfg = Debug|Any CPU
		{18B131AC-B9D6-4313-8F66-2C1F6B0CE22A}.Debug|Any CPU.Build.0 = Debug|Any CPU
		{18B131AC-B9D6-4313-8F66-2C1F6B0CE22A}.Release|Any CPU.ActiveCfg = Release|Any CPU
		{18B131AC-B9D6-4313-8F66-2C1F6B0CE22A}.Release|Any CPU.Build.0 = Release|Any CPU
		{AB22AEB6-8528-43B0-A7CA-BC0ABBFC70D7}.Debug|Any CPU.ActiveCfg = Debug|Any CPU
		{AB22AEB6-8528-43B0-A7CA-BC0ABBFC70D7}.Debug|Any CPU.Build.0 = Debug|Any CPU
		{AB22AEB6-8528-43B0-A7CA-BC0ABBFC70D7}.Release|Any CPU.ActiveCfg = Release|Any CPU
		{AB22AEB6-8528-43B0-A7CA-BC0ABBFC70D7}.Release|Any CPU.Build.0 = Release|Any CPU
		{EDA149E9-EAF8-4B2B-A392-481EB30D71F5}.Debug|Any CPU.ActiveCfg = Debug|Any CPU
		{EDA149E9-EAF8-4B2B-A392-481EB30D71F5}.Debug|Any CPU.Build.0 = Debug|Any CPU
		{EDA149E9-EAF8-4B2B-A392-481EB30D71F5}.Release|Any CPU.ActiveCfg = Release|Any CPU
		{EDA149E9-EAF8-4B2B-A392-481EB30D71F5}.Release|Any CPU.Build.0 = Release|Any CPU
	EndGlobalSection
	GlobalSection(SolutionProperties) = preSolution
		HideSolutionNode = FALSE
	EndGlobalSection
	GlobalSection(ExtensibilityGlobals) = postSolution
		SolutionGuid = {D7AA328C-7FF0-4909-9782-A658966E5C15}
	EndGlobalSection
EndGlobal
